Microsoft Visual Studio Solution File, Format Version 12.00
# Visual Studio 14
VisualStudioVersion = 14.0.24720.0
MinimumVisualStudioVersion = 10.0.40219.1
Project("{FAE04EC0-301F-11D3-BF4B-00C04F79EFBC}") = "IKVM.Reflection", "IKVM.Reflection\IKVM.Reflection.csproj", "{92544727-CAF7-48C6-A9E8-63A9AC3B2400}"
EndProject
Project("{D954291E-2A0B-460D-934E-DC6B0785DB48}") = "IKVM.GlobalAssemblyInfo", "IKVM.GlobalAssemblyInfo\IKVM.GlobalAssemblyInfo.shproj", "{0E654EEA-8918-419E-AF7D-F3C4242844FF}"
EndProject
Global
	GlobalSection(SharedMSBuildProjectFiles) = preSolution
		IKVM.GlobalAssemblyInfo\IKVM.GlobalAssemblyInfo.projitems*{92544727-caf7-48c6-a9e8-63a9ac3b2400}*SharedItemsImports = 4
		IKVM.GlobalAssemblyInfo\IKVM.GlobalAssemblyInfo.projitems*{0e654eea-8918-419e-af7d-f3c4242844ff}*SharedItemsImports = 13
	EndGlobalSection
	GlobalSection(SolutionConfigurationPlatforms) = preSolution
		Debug|Any CPU = Debug|Any CPU
		Release|Any CPU = Release|Any CPU
	EndGlobalSection
	GlobalSection(ProjectConfigurationPlatforms) = postSolution
		{92544727-CAF7-48C6-A9E8-63A9AC3B2400}.Debug|Any CPU.ActiveCfg = Debug|Any CPU
		{92544727-CAF7-48C6-A9E8-63A9AC3B2400}.Debug|Any CPU.Build.0 = Debug|Any CPU
		{92544727-CAF7-48C6-A9E8-63A9AC3B2400}.Release|Any CPU.ActiveCfg = Release|Any CPU
		{92544727-CAF7-48C6-A9E8-63A9AC3B2400}.Release|Any CPU.Build.0 = Release|Any CPU
	EndGlobalSection
	GlobalSection(SolutionProperties) = preSolution
		HideSolutionNode = FALSE
	EndGlobalSection
EndGlobal
